
Microsoft Visual Studio Solution File, Format Version 12.00
# Visual Studio Version 17
VisualStudioVersion = 17.2.32616.157
MinimumVisualStudioVersion = 10.0.40219.1
Project("{54A90642-561A-4BB1-A94E-469ADEE60C69}") = "restaurant-menu-frontend", "restaurant-menu-frontend\restaurant-menu-frontend.esproj", "{4AD3C7A0-5D4C-405F-804A-911774913179}"
EndProject
Project("{9A19103F-16F7-4668-BE54-9A1E7A4F7556}") = "restaurant-menu-backend", "restaurant-menu-backend\restaurant-menu-backend.csproj", "{488DC254-AB2B-4271-8D42-51DF9A8A0D78}"
EndProject
Project("{9A19103F-16F7-4668-BE54-9A1E7A4F7556}") = "EntityLayer", "EntityLayer\EntityLayer.csproj", "{76E41933-D691-4E15-BB58-27E0B9BC1F66}"
EndProject
Project("{9A19103F-16F7-4668-BE54-9A1E7A4F7556}") = "DataAccessLayer", "DataAccessLayer\DataAccessLayer.csproj", "{8A003C3E-8B75-489B-AC37-1BCBE6288022}"
EndProject
Project("{9A19103F-16F7-4668-BE54-9A1E7A4F7556}") = "BusinessLayer", "BusinessLayer\BusinessLayer.csproj", "{4172681A-53BF-4845-B887-6208FB6FE87E}"
EndProject
Project("{FAE04EC0-301F-11D3-BF4B-00C04F79EFBC}") = "SharedLibrary", "SharedLibrary\SharedLibrary.csproj", "{C28529D0-D0A5-4185-8E84-388B06379D4A}"
EndProject
Global
	GlobalSection(SolutionConfigurationPlatforms) = preSolution
		Debug|Any CPU = Debug|Any CPU
		Release|Any CPU = Release|Any CPU
	EndGlobalSection
	GlobalSection(ProjectConfigurationPlatforms) = postSolution
		{4AD3C7A0-5D4C-405F-804A-911774913179}.Debug|Any CPU.ActiveCfg = Debug|Any CPU
		{4AD3C7A0-5D4C-405F-804A-911774913179}.Debug|Any CPU.Build.0 = Debug|Any CPU
		{4AD3C7A0-5D4C-405F-804A-911774913179}.Debug|Any CPU.Deploy.0 = Debug|Any CPU
		{4AD3C7A0-5D4C-405F-804A-911774913179}.Release|Any CPU.ActiveCfg = Release|Any CPU
		{4AD3C7A0-5D4C-405F-804A-911774913179}.Release|Any CPU.Build.0 = Release|Any CPU
		{4AD3C7A0-5D4C-405F-804A-911774913179}.Release|Any CPU.Deploy.0 = Release|Any CPU
		{488DC254-AB2B-4271-8D42-51DF9A8A0D78}.Debug|Any CPU.ActiveCfg = Debug|Any CPU
		{488DC254-AB2B-4271-8D42-51DF9A8A0D78}.Debug|Any CPU.Build.0 = Debug|Any CPU
		{488DC254-AB2B-4271-8D42-51DF9A8A0D78}.Release|Any CPU.ActiveCfg = Release|Any CPU
		{488DC254-AB2B-4271-8D42-51DF9A8A0D78}.Release|Any CPU.Build.0 = Release|Any CPU
		{76E41933-D691-4E15-BB58-27E0B9BC1F66}.Debug|Any CPU.ActiveCfg = Debug|Any CPU
		{76E41933-D691-4E15-BB58-27E0B9BC1F66}.Debug|Any CPU.Build.0 = Debug|Any CPU
		{76E41933-D691-4E15-BB58-27E0B9BC1F66}.Release|Any CPU.ActiveCfg = Release|Any CPU
		{76E41933-D691-4E15-BB58-27E0B9BC1F66}.Release|Any CPU.Build.0 = Release|Any CPU
		{8A003C3E-8B75-489B-AC37-1BCBE6288022}.Debug|Any CPU.ActiveCfg = Debug|Any CPU
		{8A003C3E-8B75-489B-AC37-1BCBE6288022}.Debug|Any CPU.Build.0 = Debug|Any CPU
		{8A003C3E-8B75-489B-AC37-1BCBE6288022}.Release|Any CPU.ActiveCfg = Release|Any CPU
		{8A003C3E-8B75-489B-AC37-1BCBE6288022}.Release|Any CPU.Build.0 = Release|Any CPU
		{4172681A-53BF-4845-B887-6208FB6FE87E}.Debug|Any CPU.ActiveCfg = Debug|Any CPU
		{4172681A-53BF-4845-B887-6208FB6FE87E}.Debug|Any CPU.Build.0 = Debug|Any CPU
		{4172681A-53BF-4845-B887-6208FB6FE87E}.Release|Any CPU.ActiveCfg = Release|Any CPU
		{4172681A-53BF-4845-B887-6208FB6FE87E}.Release|Any CPU.Build.0 = Release|Any CPU
		{C28529D0-D0A5-4185-8E84-388B06379D4A}.Debug|Any CPU.ActiveCfg = Debug|Any CPU
		{C28529D0-D0A5-4185-8E84-388B06379D4A}.Debug|Any CPU.Build.0 = Debug|Any CPU
		{C28529D0-D0A5-4185-8E84-388B06379D4A}.Release|Any CPU.ActiveCfg = Release|Any CPU
		{C28529D0-D0A5-4185-8E84-388B06379D4A}.Release|Any CPU.Build.0 = Release|Any CPU
	EndGlobalSection
	GlobalSection(SolutionProperties) = preSolution
		HideSolutionNode = FALSE
	EndGlobalSection
	GlobalSection(ExtensibilityGlobals) = postSolution
		SolutionGuid = {2314DD37-A565-44E4-9CE5-010B8BA7DC8E}
	EndGlobalSection
EndGlobal
